// !$*UTF8*$!
{
	archiveVersion = 1;
	classes = {
	};
	objectVersion = 46;
	objects = {

/* Begin PBXBuildFile section */
		4F8829821C97542400CD71FB /* AppDelegate.swift in Sources */ = {isa = PBXBuildFile; fileRef = 4F8829811C97542400CD71FB /* AppDelegate.swift */; };
		4F8829841C97542400CD71FB /* ViewController.swift in Sources */ = {isa = PBXBuildFile; fileRef = 4F8829831C97542400CD71FB /* ViewController.swift */; };
		4F8829871C97542400CD71FB /* Main.storyboard in Resources */ = {isa = PBXBuildFile; fileRef = 4F8829851C97542400CD71FB /* Main.storyboard */; };
		4F88298A1C97542400CD71FB /* SwiftTrial.xcdatamodeld in Sources */ = {isa = PBXBuildFile; fileRef = 4F8829881C97542400CD71FB /* SwiftTrial.xcdatamodeld */; };
		4F88298C1C97542400CD71FB /* Assets.xcassets in Resources */ = {isa = PBXBuildFile; fileRef = 4F88298B1C97542400CD71FB /* Assets.xcassets */; };
		4F88298F1C97542400CD71FB /* LaunchScreen.storyboard in Resources */ = {isa = PBXBuildFile; fileRef = 4F88298D1C97542400CD71FB /* LaunchScreen.storyboard */; };
		4F88299A1C97542400CD71FB /* SwiftTrialTests.swift in Sources */ = {isa = PBXBuildFile; fileRef = 4F8829991C97542400CD71FB /* SwiftTrialTests.swift */; };
		4F8829A51C97542400CD71FB /* SwiftTrialUITests.swift in Sources */ = {isa = PBXBuildFile; fileRef = 4F8829A41C97542400CD71FB /* SwiftTrialUITests.swift */; };
/* End PBXBuildFile section */

/* Begin PBXContainerItemProxy section */
		4F8829961C97542400CD71FB /* PBXContainerItemProxy */ = {
			isa = PBXContainerItemProxy;
			containerPortal = 4F8829761C97542400CD71FB /* Project object */;
			proxyType = 1;
			remoteGlobalIDString = 4F88297D1C97542400CD71FB;
			remoteInfo = SwiftTrial;
		};
		4F8829A11C97542400CD71FB /* PBXContainerItemProxy */ = {
			isa = PBXContainerItemProxy;
			containerPortal = 4F8829761C97542400CD71FB /* Project object */;
			proxyType = 1;
			remoteGlobalIDString = 4F88297D1C97542400CD71FB;
			remoteInfo = SwiftTrial;
		};
/* End PBXContainerItemProxy section */

/* Begin PBXFileReference section */
		4F88297E1C97542400CD71FB /* SwiftTrial.app */ = {isa = PBXFileReference; explicitFileType = wrapper.application; includeInIndex = 0; path = SwiftTrial.app; sourceTree = BUILT_PRODUCTS_DIR; };
		4F8829811C97542400CD71FB /* AppDelegate.swift */ = {isa = PBXFileReference; lastKnownFileType = sourcecode.swift; path = AppDelegate.swift; sourceTree = "<group>"; };
		4F8829831C97542400CD71FB /* ViewController.swift */ = {isa = PBXFileReference; lastKnownFileType = sourcecode.swift; path = ViewController.swift; sourceTree = "<group>"; };
		4F8829861C97542400CD71FB /* Base */ = {isa = PBXFileReference; lastKnownFileType = file.storyboard; name = Base; path = Base.lproj/Main.storyboard; sourceTree = "<group>"; };
		4F8829891C97542400CD71FB /* SwiftTrial.xcdatamodel */ = {isa = PBXFileReference; lastKnownFileType = wrapper.xcdatamodel; path = SwiftTrial.xcdatamodel; sourceTree = "<group>"; };
		4F88298B1C97542400CD71FB /* Assets.xcassets */ = {isa = PBXFileReference; lastKnownFileType = folder.assetcatalog; path = Assets.xcassets; sourceTree = "<group>"; };
		4F88298E1C97542400CD71FB /* Base */ = {isa = PBXFileReference; lastKnownFileType = file.storyboard; name = Base; path = Base.lproj/LaunchScreen.storyboard; sourceTree = "<group>"; };
		4F8829901C97542400CD71FB /* Info.plist */ = {isa = PBXFileReference; lastKnownFileType = text.plist.xml; path = Info.plist; sourceTree = "<group>"; };
		4F8829951C97542400CD71FB /* SwiftTrialTests.xctest */ = {isa = PBXFileReference; explicitFileType = wrapper.cfbundle; includeInIndex = 0; path = SwiftTrialTests.xctest; sourceTree = BUILT_PRODUCTS_DIR; };
		4F8829991C97542400CD71FB /* SwiftTrialTests.swift */ = {isa = PBXFileReference; lastKnownFileType = sourcecode.swift; path = SwiftTrialTests.swift; sourceTree = "<group>"; };
		4F88299B1C97542400CD71FB /* Info.plist */ = {isa = PBXFileReference; lastKnownFileType = text.plist.xml; path = Info.plist; sourceTree = "<group>"; };
		4F8829A01C97542400CD71FB /* SwiftTrialUITests.xctest */ = {isa = PBXFileReference; explicitFileType = wrapper.cfbundle; includeInIndex = 0; path = SwiftTrialUITests.xctest; sourceTree = BUILT_PRODUCTS_DIR; };
		4F8829A41C97542400CD71FB /* SwiftTrialUITests.swift */ = {isa = PBXFileReference; lastKnownFileType = sourcecode.swift; path = SwiftTrialUITests.swift; sourceTree = "<group>"; };
		4F8829A61C97542400CD71FB /* Info.plist */ = {isa = PBXFileReference; lastKnownFileType = text.plist.xml; path = Info.plist; sourceTree = "<group>"; };
/* End PBXFileReference section */

/* Begin PBXFrameworksBuildPhase section */
		4F88297B1C97542400CD71FB /* Frameworks */ = {
			isa = PBXFrameworksBuildPhase;
			buildActionMask = 2147483647;
			files = (
			);
			runOnlyForDeploymentPostprocessing = 0;
		};
		4F8829921C97542400CD71FB /* Frameworks */ = {
			isa = PBXFrameworksBuildPhase;
			buildActionMask = 2147483647;
			files = (
			);
			runOnlyForDeploymentPostprocessing = 0;
		};
		4F88299D1C97542400CD71FB /* Frameworks */ = {
			isa = PBXFrameworksBuildPhase;
			buildActionMask = 2147483647;
			files = (
			);
			runOnlyForDeploymentPostprocessing = 0;
		};
/* End PBXFrameworksBuildPhase section */

/* Begin PBXGroup section */
		4F8829751C97542400CD71FB = {
			isa = PBXGroup;
			children = (
				4F8829801C97542400CD71FB /* SwiftTrial */,
				4F8829981C97542400CD71FB /* SwiftTrialTests */,
				4F8829A31C97542400CD71FB /* SwiftTrialUITests */,
				4F88297F1C97542400CD71FB /* Products */,
			);
			sourceTree = "<group>";
		};
		4F88297F1C97542400CD71FB /* Products */ = {
			isa = PBXGroup;
			children = (
				4F88297E1C97542400CD71FB /* SwiftTrial.app */,
				4F8829951C97542400CD71FB /* SwiftTrialTests.xctest */,
				4F8829A01C97542400CD71FB /* SwiftTrialUITests.xctest */,
			);
			name = Products;
			sourceTree = "<group>";
		};
		4F8829801C97542400CD71FB /* SwiftTrial */ = {
			isa = PBXGroup;
			children = (
				4F8829811C97542400CD71FB /* AppDelegate.swift */,
				4F8829831C97542400CD71FB /* ViewController.swift */,
				4F8829851C97542400CD71FB /* Main.storyboard */,
				4F88298B1C97542400CD71FB /* Assets.xcassets */,
				4F88298D1C97542400CD71FB /* LaunchScreen.storyboard */,
				4F8829901C97542400CD71FB /* Info.plist */,
				4F8829881C97542400CD71FB /* SwiftTrial.xcdatamodeld */,
			);
			path = SwiftTrial;
			sourceTree = "<group>";
		};
		4F8829981C97542400CD71FB /* SwiftTrialTests */ = {
			isa = PBXGroup;
			children = (
				4F8829991C97542400CD71FB /* SwiftTrialTests.swift */,
				4F88299B1C97542400CD71FB /* Info.plist */,
			);
			path = SwiftTrialTests;
			sourceTree = "<group>";
		};
		4F8829A31C97542400CD71FB /* SwiftTrialUITests */ = {
			isa = PBXGroup;
			children = (
				4F8829A41C97542400CD71FB /* SwiftTrialUITests.swift */,
				4F8829A61C97542400CD71FB /* Info.plist */,
			);
			path = SwiftTrialUITests;
			sourceTree = "<group>";
		};
/* End PBXGroup section */

/* Begin PBXNativeTarget section */
		4F88297D1C97542400CD71FB /* SwiftTrial */ = {
			isa = PBXNativeTarget;
			buildConfigurationList = 4F8829A91C97542400CD71FB /* Build configuration list for PBXNativeTarget "SwiftTrial" */;
			buildPhases = (
				4F88297A1C97542400CD71FB /* Sources */,
				4F88297B1C97542400CD71FB /* Frameworks */,
				4F88297C1C97542400CD71FB /* Resources */,
			);
			buildRules = (
			);
			dependencies = (
			);
			name = SwiftTrial;
			productName = SwiftTrial;
			productReference = 4F88297E1C97542400CD71FB /* SwiftTrial.app */;
			productType = "com.apple.product-type.application";
		};
		4F8829941C97542400CD71FB /* SwiftTrialTests */ = {
			isa = PBXNativeTarget;
			buildConfigurationList = 4F8829AC1C97542400CD71FB /* Build configuration list for PBXNativeTarget "SwiftTrialTests" */;
			buildPhases = (
				4F8829911C97542400CD71FB /* Sources */,
				4F8829921C97542400CD71FB /* Frameworks */,
				4F8829931C97542400CD71FB /* Resources */,
			);
			buildRules = (
			);
			dependencies = (
				4F8829971C97542400CD71FB /* PBXTargetDependency */,
			);
			name = SwiftTrialTests;
			productName = SwiftTrialTests;
			productReference = 4F8829951C97542400CD71FB /* SwiftTrialTests.xctest */;
			productType = "com.apple.product-type.bundle.unit-test";
		};
		4F88299F1C97542400CD71FB /* SwiftTrialUITests */ = {
			isa = PBXNativeTarget;
			buildConfigurationList = 4F8829AF1C97542400CD71FB /* Build configuration list for PBXNativeTarget "SwiftTrialUITests" */;
			buildPhases = (
				4F88299C1C97542400CD71FB /* Sources */,
				4F88299D1C97542400CD71FB /* Frameworks */,
				4F88299E1C97542400CD71FB /* Resources */,
			);
			buildRules = (
			);
			dependencies = (
				4F8829A21C97542400CD71FB /* PBXTargetDependency */,
			);
			name = SwiftTrialUITests;
			productName = SwiftTrialUITests;
			productReference = 4F8829A01C97542400CD71FB /* SwiftTrialUITests.xctest */;
			productType = "com.apple.product-type.bundle.ui-testing";
		};
/* End PBXNativeTarget section */

/* Begin PBXProject section */
		4F8829761C97542400CD71FB /* Project object */ = {
			isa = PBXProject;
			attributes = {
				LastSwiftUpdateCheck = 0720;
				LastUpgradeCheck = 0720;
				ORGANIZATIONNAME = "Glenn Rosen";
				TargetAttributes = {
					4F88297D1C97542400CD71FB = {
						CreatedOnToolsVersion = 7.2.1;
					};
					4F8829941C97542400CD71FB = {
						CreatedOnToolsVersion = 7.2.1;
						TestTargetID = 4F88297D1C97542400CD71FB;
					};
					4F88299F1C97542400CD71FB = {
						CreatedOnToolsVersion = 7.2.1;
						TestTargetID = 4F88297D1C97542400CD71FB;
					};
				};
			};
			buildConfigurationList = 4F8829791C97542400CD71FB /* Build configuration list for PBXProject "SwiftTrial" */;
			compatibilityVersion = "Xcode 3.2";
			developmentRegion = English;
			hasScannedForEncodings = 0;
			knownRegions = (
				en,
				Base,
			);
			mainGroup = 4F8829751C97542400CD71FB;
			productRefGroup = 4F88297F1C97542400CD71FB /* Products */;
			projectDirPath = "";
			projectRoot = "";
			targets = (
				4F88297D1C97542400CD71FB /* SwiftTrial */,
				4F8829941C97542400CD71FB /* SwiftTrialTests */,
				4F88299F1C97542400CD71FB /* SwiftTrialUITests */,
			);
		};
/* End PBXProject section */

/* Begin PBXResourcesBuildPhase section */
		4F88297C1C97542400CD71FB /* Resources */ = {
			isa = PBXResourcesBuildPhase;
			buildActionMask = 2147483647;
			files = (
				4F88298F1C97542400CD71FB /* LaunchScreen.storyboard in Resources */,
				4F88298C1C97542400CD71FB /* Assets.xcassets in Resources */,
				4F8829871C97542400CD71FB /* Main.storyboard in Resources */,
			);
			runOnlyForDeploymentPostprocessing = 0;
		};
		4F8829931C97542400CD71FB /* Resources */ = {
			isa = PBXResourcesBuildPhase;
			buildActionMask = 2147483647;
			files = (
			);
			runOnlyForDeploymentPostprocessing = 0;
		};
		4F88299E1C97542400CD71FB /* Resources */ = {
			isa = PBXResourcesBuildPhase;
			buildActionMask = 2147483647;
			files = (
			);
			runOnlyForDeploymentPostprocessing = 0;
		};
/* End PBXResourcesBuildPhase section */

/* Begin PBXSourcesBuildPhase section */
		4F88297A1C97542400CD71FB /* Sources */ = {
			isa = PBXSourcesBuildPhase;
			buildActionMask = 2147483647;
			files = (
				4F8829841C97542400CD71FB /* ViewController.swift in Sources */,
				4F8829821C97542400CD71FB /* AppDelegate.swift in Sources */,
				4F88298A1C97542400CD71FB /* SwiftTrial.xcdatamodeld in Sources */,
			);
			runOnlyForDeploymentPostprocessing = 0;
		};
		4F8829911C97542400CD71FB /* Sources */ = {
			isa = PBXSourcesBuildPhase;
			buildActionMask = 2147483647;
			files = (
				4F88299A1C97542400CD71FB /* SwiftTrialTests.swift in Sources */,
			);
			runOnlyForDeploymentPostprocessing = 0;
		};
		4F88299C1C97542400CD71FB /* Sources */ = {
			isa = PBXSourcesBuildPhase;
			buildActionMask = 2147483647;
			files = (
				4F8829A51C97542400CD71FB /* SwiftTrialUITests.swift in Sources */,
			);
			runOnlyForDeploymentPostprocessing = 0;
		};
/* End PBXSourcesBuildPhase section */

/* Begin PBXTargetDependency section */
		4F8829971C97542400CD71FB /* PBXTargetDependency */ = {
			isa = PBXTargetDependency;
			target = 4F88297D1C97542400CD71FB /* SwiftTrial */;
			targetProxy = 4F8829961C97542400CD71FB /* PBXContainerItemProxy */;
		};
		4F8829A21C97542400CD71FB /* PBXTargetDependency */ = {
			isa = PBXTargetDependency;
			target = 4F88297D1C97542400CD71FB /* SwiftTrial */;
			targetProxy = 4F8829A11C97542400CD71FB /* PBXContainerItemProxy */;
		};
/* End PBXTargetDependency section */

/* Begin PBXVariantGroup section */
		4F8829851C97542400CD71FB /* Main.storyboard */ = {
			isa = PBXVariantGroup;
			children = (
				4F8829861C97542400CD71FB /* Base */,
			);
			name = Main.storyboard;
			sourceTree = "<group>";
		};
		4F88298D1C97542400CD71FB /* LaunchScreen.storyboard */ = {
			isa = PBXVariantGroup;
			children = (
				4F88298E1C97542400CD71FB /* Base */,
			);
			name = LaunchScreen.storyboard;
			sourceTree = "<group>";
		};
/* End PBXVariantGroup section */

/* Begin XCBuildConfiguration section */
		4F8829A71C97542400CD71FB /* Debug */ = {
			isa = XCBuildConfiguration;
			buildSettings = {
				ALWAYS_SEARCH_USER_PATHS = NO;
				CLANG_CXX_LANGUAGE_STANDARD = "gnu++0x";
				CLANG_CXX_LIBRARY = "libc++";
				CLANG_ENABLE_MODULES = YES;
				CLANG_ENABLE_OBJC_ARC = YES;
				CLANG_WARN_BOOL_CONVERSION = YES;
				CLANG_WARN_CONSTANT_CONVERSION = YES;
				CLANG_WARN_DIRECT_OBJC_ISA_USAGE = YES_ERROR;
				CLANG_WARN_EMPTY_BODY = YES;
				CLANG_WARN_ENUM_CONVERSION = YES;
				CLANG_WARN_INT_CONVERSION = YES;
				CLANG_WARN_OBJC_ROOT_CLASS = YES_ERROR;
				CLANG_WARN_UNREACHABLE_CODE = YES;
				CLANG_WARN__DUPLICATE_METHOD_MATCH = YES;
				"CODE_SIGN_IDENTITY[sdk=iphoneos*]" = "iPhone Developer";
				COPY_PHASE_STRIP = NO;
				DEBUG_INFORMATION_FORMAT = dwarf;
				ENABLE_STRICT_OBJC_MSGSEND = YES;
				ENABLE_TESTABILITY = YES;
				GCC_C_LANGUAGE_STANDARD = gnu99;
				GCC_DYNAMIC_NO_PIC = NO;
				GCC_NO_COMMON_BLOCKS = YES;
				GCC_OPTIMIZATION_LEVEL = 0;
				GCC_PREPROCESSOR_DEFINITIONS = (
					"DEBUG=1",
					"$(inherited)",
				);
				GCC_WARN_64_TO_32_BIT_CONVERSION = YES;
				GCC_WARN_ABOUT_RETURN_TYPE = YES_ERROR;
				GCC_WARN_UNDECLARED_SELECTOR = YES;
				GCC_WARN_UNINITIALIZED_AUTOS = YES_AGGRESSIVE;
				GCC_WARN_UNUSED_FUNCTION = YES;
				GCC_WARN_UNUSED_VARIABLE = YES;
				IPHONEOS_DEPLOYMENT_TARGET = 9.2;
				MTL_ENABLE_DEBUG_INFO = YES;
				ONLY_ACTIVE_ARCH = YES;
				SDKROOT = iphoneos;
				SWIFT_OPTIMIZATION_LEVEL = "-Onone";
				TARGETED_DEVICE_FAMILY = "1,2";
			};
			name = Debug;
		};
		4F8829A81C97542400CD71FB /* Release */ = {
			isa = XCBuildConfiguration;
			buildSettings = {
				ALWAYS_SEARCH_USER_PATHS = NO;
				CLANG_CXX_LANGUAGE_STANDARD = "gnu++0x";
				CLANG_CXX_LIBRARY = "libc++";
				CLANG_ENABLE_MODULES = YES;
				CLANG_ENABLE_OBJC_ARC = YES;
				CLANG_WARN_BOOL_CONVERSION = YES;
				CLANG_WARN_CONSTANT_CONVERSION = YES;
				CLANG_WARN_DIRECT_OBJC_ISA_USAGE = YES_ERROR;
				CLANG_WARN_EMPTY_BODY = YES;
				CLANG_WARN_ENUM_CONVERSION = YES;
				CLANG_WARN_INT_CONVERSION = YES;
				CLANG_WARN_OBJC_ROOT_CLASS = YES_ERROR;
				CLANG_WARN_UNREACHABLE_CODE = YES;
				CLANG_WARN__DUPLICATE_METHOD_MATCH = YES;
				"CODE_SIGN_IDENTITY[sdk=iphoneos*]" = "iPhone Developer";
				COPY_PHASE_STRIP = NO;
				DEBUG_INFORMATION_FORMAT = "dwarf-with-dsym";
				ENABLE_NS_ASSERTIONS = NO;
				ENABLE_STRICT_OBJC_MSGSEND = YES;
				GCC_C_LANGUAGE_STANDARD = gnu99;
				GCC_NO_COMMON_BLOCKS = YES;
				GCC_WARN_64_TO_32_BIT_CONVERSION = YES;
				GCC_WARN_ABOUT_RETURN_TYPE = YES_ERROR;
				GCC_WARN_UNDECLARED_SELECTOR = YES;
				GCC_WARN_UNINITIALIZED_AUTOS = YES_AGGRESSIVE;
				GCC_WARN_UNUSED_FUNCTION = YES;
				GCC_WARN_UNUSED_VARIABLE = YES;
				IPHONEOS_DEPLOYMENT_TARGET = 9.2;
				MTL_ENABLE_DEBUG_INFO = NO;
				SDKROOT = iphoneos;
				TARGETED_DEVICE_FAMILY = "1,2";
				VALIDATE_PRODUCT = YES;
			};
			name = Release;
		};
		4F8829AA1C97542400CD71FB /* Debug */ = {
			isa = XCBuildConfiguration;
			buildSettings = {
				ASSETCATALOG_COMPILER_APPICON_NAME = AppIcon;
				INFOPLIST_FILE = SwiftTrial/Info.plist;
				LD_RUNPATH_SEARCH_PATHS = "$(inherited) @executable_path/Frameworks";
				PRODUCT_BUNDLE_IDENTIFIER = "Boomhower-Software.SwiftTrial";
				PRODUCT_NAME = "$(TARGET_NAME)";
			};
			name = Debug;
		};
		4F8829AB1C97542400CD71FB /* Release */ = {
			isa = XCBuildConfiguration;
			buildSettings = {
				ASSETCATALOG_COMPILER_APPICON_NAME = AppIcon;
				INFOPLIST_FILE = SwiftTrial/Info.plist;
				LD_RUNPATH_SEARCH_PATHS = "$(inherited) @executable_path/Frameworks";
				PRODUCT_BUNDLE_IDENTIFIER = "Boomhower-Software.SwiftTrial";
				PRODUCT_NAME = "$(TARGET_NAME)";
			};
			name = Release;
		};
		4F8829AD1C97542400CD71FB /* Debug */ = {
			isa = XCBuildConfiguration;
			buildSettings = {
				BUNDLE_LOADER = "$(TEST_HOST)";
				INFOPLIST_FILE = SwiftTrialTests/Info.plist;
				LD_RUNPATH_SEARCH_PATHS = "$(inherited) @executable_path/Frameworks @loader_path/Frameworks";
				PRODUCT_BUNDLE_IDENTIFIER = "Boomhower-Software.SwiftTrialTests";
				PRODUCT_NAME = "$(TARGET_NAME)";
				TEST_HOST = "$(BUILT_PRODUCTS_DIR)/SwiftTrial.app/SwiftTrial";
			};
			name = Debug;
		};
		4F8829AE1C97542400CD71FB /* Release */ = {
			isa = XCBuildConfiguration;
			buildSettings = {
				BUNDLE_LOADER = "$(TEST_HOST)";
				INFOPLIST_FILE = SwiftTrialTests/Info.plist;
				LD_RUNPATH_SEARCH_PATHS = "$(inherited) @executable_path/Frameworks @loader_path/Frameworks";
				PRODUCT_BUNDLE_IDENTIFIER = "Boomhower-Software.SwiftTrialTests";
				PRODUCT_NAME = "$(TARGET_NAME)";
				TEST_HOST = "$(BUILT_PRODUCTS_DIR)/SwiftTrial.app/SwiftTrial";
			};
			name = Release;
		};
		4F8829B01C97542400CD71FB /* Debug */ = {
			isa = XCBuildConfiguration;
			buildSettings = {
				INFOPLIST_FILE = SwiftTrialUITests/Info.plist;
				LD_RUNPATH_SEARCH_PATHS = "$(inherited) @executable_path/Frameworks @loader_path/Frameworks";
				PRODUCT_BUNDLE_IDENTIFIER = "Boomhower-Software.SwiftTrialUITests";
				PRODUCT_NAME = "$(TARGET_NAME)";
				TEST_TARGET_NAME = SwiftTrial;
				USES_XCTRUNNER = YES;
			};
			name = Debug;
		};
		4F8829B11C97542400CD71FB /* Release */ = {
			isa = XCBuildConfiguration;
			buildSettings = {
				INFOPLIST_FILE = SwiftTrialUITests/Info.plist;
				LD_RUNPATH_SEARCH_PATHS = "$(inherited) @executable_path/Frameworks @loader_path/Frameworks";
				PRODUCT_BUNDLE_IDENTIFIER = "Boomhower-Software.SwiftTrialUITests";
				PRODUCT_NAME = "$(TARGET_NAME)";
				TEST_TARGET_NAME = SwiftTrial;
				USES_XCTRUNNER = YES;
			};
			name = Release;
		};
/* End XCBuildConfiguration section */

/* Begin XCConfigurationList section */
		4F8829791C97542400CD71FB /* Build configuration list for PBXProject "SwiftTrial" */ = {
			isa = XCConfigurationList;
			buildConfigurations = (
				4F8829A71C97542400CD71FB /* Debug */,
				4F8829A81C97542400CD71FB /* Release */,
			);
			defaultConfigurationIsVisible = 0;
			defaultConfigurationName = Release;
		};
		4F8829A91C97542400CD71FB /* Build configuration list for PBXNativeTarget "SwiftTrial" */ = {
			isa = XCConfigurationList;
			buildConfigurations = (
				4F8829AA1C97542400CD71FB /* Debug */,
				4F8829AB1C97542400CD71FB /* Release */,
			);
			defaultConfigurationIsVisible = 0;
		};
		4F8829AC1C97542400CD71FB /* Build configuration list for PBXNativeTarget "SwiftTrialTests" */ = {
			isa = XCConfigurationList;
			buildConfigurations = (
				4F8829AD1C97542400CD71FB /* Debug */,
				4F8829AE1C97542400CD71FB /* Release */,
			);
			defaultConfigurationIsVisible = 0;
		};
		4F8829AF1C97542400CD71FB /* Build configuration list for PBXNativeTarget "SwiftTrialUITests" */ = {
			isa = XCConfigurationList;
			buildConfigurations = (
				4F8829B01C97542400CD71FB /* Debug */,
				4F8829B11C97542400CD71FB /* Release */,
			);
			defaultConfigurationIsVisible = 0;
		};
/* End XCConfigurationList section */

/* Begin XCVersionGroup section */
		4F8829881C97542400CD71FB /* SwiftTrial.xcdatamodeld */ = {
			isa = XCVersionGroup;
			children = (
				4F8829891C97542400CD71FB /* SwiftTrial.xcdatamodel */,
			);
			currentVersion = 4F8829891C97542400CD71FB /* SwiftTrial.xcdatamodel */;
			path = SwiftTrial.xcdatamodeld;
			sourceTree = "<group>";
			versionGroupType = wrapper.xcdatamodel;
		};
/* End XCVersionGroup section */
	};
	rootObject = 4F8829761C97542400CD71FB /* Project object */;
}
